// !$*UTF8*$!
{
	archiveVersion = 1;
	classes = {
	};
	objectVersion = 77;
	objects = {

/* Begin PBXBuildFile section */
		019490FB2DC00672003793F1 /* W3WSwiftApi in Frameworks */ = {isa = PBXBuildFile; productRef = 019490FA2DC00672003793F1 /* W3WSwiftApi */; };
/* End PBXBuildFile section */

/* Begin PBXContainerItemProxy section */
		01823E272DBFFCCA0052717B /* PBXContainerItemProxy */ = {
			isa = PBXContainerItemProxy;
			containerPortal = 01823E082DBFFCC90052717B /* Project object */;
			proxyType = 1;
			remoteGlobalIDString = 01823E0F2DBFFCC90052717B;
			remoteInfo = RefactorTest;
		};
		01823E312DBFFCCA0052717B /* PBXContainerItemProxy */ = {
			isa = PBXContainerItemProxy;
			containerPortal = 01823E082DBFFCC90052717B /* Project object */;
			proxyType = 1;
			remoteGlobalIDString = 01823E0F2DBFFCC90052717B;
			remoteInfo = RefactorTest;
		};
/* End PBXContainerItemProxy section */

/* Begin PBXFileReference section */
		01823E102DBFFCC90052717B /* RefactorTest.app */ = {isa = PBXFileReference; explicitFileType = wrapper.application; includeInIndex = 0; path = RefactorTest.app; sourceTree = BUILT_PRODUCTS_DIR; };
		01823E262DBFFCCA0052717B /* RefactorTestTests.xctest */ = {isa = PBXFileReference; explicitFileType = wrapper.cfbundle; includeInIndex = 0; path = RefactorTestTests.xctest; sourceTree = BUILT_PRODUCTS_DIR; };
		01823E302DBFFCCA0052717B /* RefactorTestUITests.xctest */ = {isa = PBXFileReference; explicitFileType = wrapper.cfbundle; includeInIndex = 0; path = RefactorTestUITests.xctest; sourceTree = BUILT_PRODUCTS_DIR; };
/* End PBXFileReference section */

/* Begin PBXFileSystemSynchronizedBuildFileExceptionSet section */
		01823E382DBFFCCA0052717B /* Exceptions for "RefactorTest" folder in "RefactorTest" target */ = {
			isa = PBXFileSystemSynchronizedBuildFileExceptionSet;
			membershipExceptions = (
				Info.plist,
			);
			target = 01823E0F2DBFFCC90052717B /* RefactorTest */;
		};
/* End PBXFileSystemSynchronizedBuildFileExceptionSet section */

/* Begin PBXFileSystemSynchronizedRootGroup section */
		01823E122DBFFCC90052717B /* RefactorTest */ = {
			isa = PBXFileSystemSynchronizedRootGroup;
			exceptions = (
				01823E382DBFFCCA0052717B /* Exceptions for "RefactorTest" folder in "RefactorTest" target */,
			);
			path = RefactorTest;
			sourceTree = "<group>";
		};
		01823E292DBFFCCA0052717B /* RefactorTestTests */ = {
			isa = PBXFileSystemSynchronizedRootGroup;
			path = RefactorTestTests;
			sourceTree = "<group>";
		};
		01823E332DBFFCCA0052717B /* RefactorTestUITests */ = {
			isa = PBXFileSystemSynchronizedRootGroup;
			path = RefactorTestUITests;
			sourceTree = "<group>";
		};
/* End PBXFileSystemSynchronizedRootGroup section */

/* Begin PBXFrameworksBuildPhase section */
		01823E0D2DBFFCC90052717B /* Frameworks */ = {
			isa = PBXFrameworksBuildPhase;
			buildActionMask = 2147483647;
			files = (
				019490FB2DC00672003793F1 /* W3WSwiftApi in Frameworks */,
			);
			runOnlyForDeploymentPostprocessing = 0;
		};
		01823E232DBFFCCA0052717B /* Frameworks */ = {
			isa = PBXFrameworksBuildPhase;
			buildActionMask = 2147483647;
			files = (
			);
			runOnlyForDeploymentPostprocessing = 0;
		};
		01823E2D2DBFFCCA0052717B /* Frameworks */ = {
			isa = PBXFrameworksBuildPhase;
			buildActionMask = 2147483647;
			files = (
			);
			runOnlyForDeploymentPostprocessing = 0;
		};
/* End PBXFrameworksBuildPhase section */

/* Begin PBXGroup section */
		01823E072DBFFCC90052717B = {
			isa = PBXGroup;
			children = (
				01823E122DBFFCC90052717B /* RefactorTest */,
				01823E292DBFFCCA0052717B /* RefactorTestTests */,
				01823E332DBFFCCA0052717B /* RefactorTestUITests */,
				01823E112DBFFCC90052717B /* Products */,
			);
			sourceTree = "<group>";
		};
		01823E112DBFFCC90052717B /* Products */ = {
			isa = PBXGroup;
			children = (
				01823E102DBFFCC90052717B /* RefactorTest.app */,
				01823E262DBFFCCA0052717B /* RefactorTestTests.xctest */,
				01823E302DBFFCCA0052717B /* RefactorTestUITests.xctest */,
			);
			name = Products;
			sourceTree = "<group>";
		};
/* End PBXGroup section */

/* Begin PBXNativeTarget section */
		01823E0F2DBFFCC90052717B /* RefactorTest */ = {
			isa = PBXNativeTarget;
			buildConfigurationList = 01823E392DBFFCCA0052717B /* Build configuration list for PBXNativeTarget "RefactorTest" */;
			buildPhases = (
				01823E0C2DBFFCC90052717B /* Sources */,
				01823E0D2DBFFCC90052717B /* Frameworks */,
				01823E0E2DBFFCC90052717B /* Resources */,
			);
			buildRules = (
			);
			dependencies = (
			);
			fileSystemSynchronizedGroups = (
				01823E122DBFFCC90052717B /* RefactorTest */,
			);
			name = RefactorTest;
			packageProductDependencies = (
				019490FA2DC00672003793F1 /* W3WSwiftApi */,
			);
			productName = RefactorTest;
			productReference = 01823E102DBFFCC90052717B /* RefactorTest.app */;
			productType = "com.apple.product-type.application";
		};
		01823E252DBFFCCA0052717B /* RefactorTestTests */ = {
			isa = PBXNativeTarget;
			buildConfigurationList = 01823E3E2DBFFCCA0052717B /* Build configuration list for PBXNativeTarget "RefactorTestTests" */;
			buildPhases = (
				01823E222DBFFCCA0052717B /* Sources */,
				01823E232DBFFCCA0052717B /* Frameworks */,
				01823E242DBFFCCA0052717B /* Resources */,
			);
			buildRules = (
			);
			dependencies = (
				01823E282DBFFCCA0052717B /* PBXTargetDependency */,
			);
			fileSystemSynchronizedGroups = (
				01823E292DBFFCCA0052717B /* RefactorTestTests */,
			);
			name = RefactorTestTests;
			packageProductDependencies = (
			);
			productName = RefactorTestTests;
			productReference = 01823E262DBFFCCA0052717B /* RefactorTestTests.xctest */;
			productType = "com.apple.product-type.bundle.unit-test";
		};
		01823E2F2DBFFCCA0052717B /* RefactorTestUITests */ = {
			isa = PBXNativeTarget;
			buildConfigurationList = 01823E412DBFFCCA0052717B /* Build configuration list for PBXNativeTarget "RefactorTestUITests" */;
			buildPhases = (
				01823E2C2DBFFCCA0052717B /* Sources */,
				01823E2D2DBFFCCA0052717B /* Frameworks */,
				01823E2E2DBFFCCA0052717B /* Resources */,
			);
			buildRules = (
			);
			dependencies = (
				01823E322DBFFCCA0052717B /* PBXTargetDependency */,
			);
			fileSystemSynchronizedGroups = (
				01823E332DBFFCCA0052717B /* RefactorTestUITests */,
			);
			name = RefactorTestUITests;
			packageProductDependencies = (
			);
			productName = RefactorTestUITests;
			productReference = 01823E302DBFFCCA0052717B /* RefactorTestUITests.xctest */;
			productType = "com.apple.product-type.bundle.ui-testing";
		};
/* End PBXNativeTarget section */

/* Begin PBXProject section */
		01823E082DBFFCC90052717B /* Project object */ = {
			isa = PBXProject;
			attributes = {
				BuildIndependentTargetsInParallel = 1;
				LastSwiftUpdateCheck = 1620;
				LastUpgradeCheck = 1620;
				TargetAttributes = {
					01823E0F2DBFFCC90052717B = {
						CreatedOnToolsVersion = 16.2;
					};
					01823E252DBFFCCA0052717B = {
						CreatedOnToolsVersion = 16.2;
						TestTargetID = 01823E0F2DBFFCC90052717B;
					};
					01823E2F2DBFFCCA0052717B = {
						CreatedOnToolsVersion = 16.2;
						TestTargetID = 01823E0F2DBFFCC90052717B;
					};
				};
			};
			buildConfigurationList = 01823E0B2DBFFCC90052717B /* Build configuration list for PBXProject "RefactorTest" */;
			developmentRegion = en;
			hasScannedForEncodings = 0;
			knownRegions = (
				en,
				Base,
			);
			mainGroup = 01823E072DBFFCC90052717B;
			minimizedProjectReferenceProxies = 1;
			packageReferences = (
				019490F92DC00672003793F1 /* XCRemoteSwiftPackageReference "w3w-swift-wrapper" */,
			);
			preferredProjectObjectVersion = 77;
			productRefGroup = 01823E112DBFFCC90052717B /* Products */;
			projectDirPath = "";
			projectRoot = "";
			targets = (
				01823E0F2DBFFCC90052717B /* RefactorTest */,
				01823E252DBFFCCA0052717B /* RefactorTestTests */,
				01823E2F2DBFFCCA0052717B /* RefactorTestUITests */,
			);
		};
/* End PBXProject section */

/* Begin PBXResourcesBuildPhase section */
		01823E0E2DBFFCC90052717B /* Resources */ = {
			isa = PBXResourcesBuildPhase;
			buildActionMask = 2147483647;
			files = (
			);
			runOnlyForDeploymentPostprocessing = 0;
		};
		01823E242DBFFCCA0052717B /* Resources */ = {
			isa = PBXResourcesBuildPhase;
			buildActionMask = 2147483647;
			files = (
			);
			runOnlyForDeploymentPostprocessing = 0;
		};
		01823E2E2DBFFCCA0052717B /* Resources */ = {
			isa = PBXResourcesBuildPhase;
			buildActionMask = 2147483647;
			files = (
			);
			runOnlyForDeploymentPostprocessing = 0;
		};
/* End PBXResourcesBuildPhase section */

/* Begin PBXSourcesBuildPhase section */
		01823E0C2DBFFCC90052717B /* Sources */ = {
			isa = PBXSourcesBuildPhase;
			buildActionMask = 2147483647;
			files = (
			);
			runOnlyForDeploymentPostprocessing = 0;
		};
		01823E222DBFFCCA0052717B /* Sources */ = {
			isa = PBXSourcesBuildPhase;
			buildActionMask = 2147483647;
			files = (
			);
			runOnlyForDeploymentPostprocessing = 0;
		};
		01823E2C2DBFFCCA0052717B /* Sources */ = {
			isa = PBXSourcesBuildPhase;
			buildActionMask = 2147483647;
			files = (
			);
			runOnlyForDeploymentPostprocessing = 0;
		};
/* End PBXSourcesBuildPhase section */

/* Begin PBXTargetDependency section */
		01823E282DBFFCCA0052717B /* PBXTargetDependency */ = {
			isa = PBXTargetDependency;
			target = 01823E0F2DBFFCC90052717B /* RefactorTest */;
			targetProxy = 01823E272DBFFCCA0052717B /* PBXContainerItemProxy */;
		};
		01823E322DBFFCCA0052717B /* PBXTargetDependency */ = {
			isa = PBXTargetDependency;
			target = 01823E0F2DBFFCC90052717B /* RefactorTest */;
			targetProxy = 01823E312DBFFCCA0052717B /* PBXContainerItemProxy */;
		};
/* End PBXTargetDependency section */

/* Begin XCBuildConfiguration section */
		01823E3A2DBFFCCA0052717B /* Debug */ = {
			isa = XCBuildConfiguration;
			buildSettings = {
				ASSETCATALOG_COMPILER_APPICON_NAME = AppIcon;
				ASSETCATALOG_COMPILER_GLOBAL_ACCENT_COLOR_NAME = AccentColor;
				CODE_SIGN_STYLE = Manual;
				CURRENT_PROJECT_VERSION = 1;
				DEVELOPMENT_TEAM = "";
				GENERATE_INFOPLIST_FILE = YES;
				INFOPLIST_FILE = RefactorTest/Info.plist;
				INFOPLIST_KEY_UIApplicationSupportsIndirectInputEvents = YES;
				INFOPLIST_KEY_UILaunchStoryboardName = LaunchScreen;
				INFOPLIST_KEY_UIMainStoryboardFile = Main;
				INFOPLIST_KEY_UISupportedInterfaceOrientations_iPad = "UIInterfaceOrientationPortrait UIInterfaceOrientationPortraitUpsideDown UIInterfaceOrientationLandscapeLeft UIInterfaceOrientationLandscapeRight";
				INFOPLIST_KEY_UISupportedInterfaceOrientations_iPhone = "UIInterfaceOrientationPortrait UIInterfaceOrientationLandscapeLeft UIInterfaceOrientationLandscapeRight";
				IPHONEOS_DEPLOYMENT_TARGET = 15.6;
				LD_RUNPATH_SEARCH_PATHS = (
					"$(inherited)",
					"@executable_path/Frameworks",
				);
				MARKETING_VERSION = 1.0;
				PRODUCT_BUNDLE_IDENTIFIER = com.what3words.RefactorTest;
				PRODUCT_NAME = "$(TARGET_NAME)";
				PROVISIONING_PROFILE_SPECIFIER = "";
				SWIFT_EMIT_LOC_STRINGS = YES;
				SWIFT_VERSION = 5.0;
				TARGETED_DEVICE_FAMILY = "1,2";
			};
			name = Debug;
		};
		01823E3B2DBFFCCA0052717B /* Release */ = {
			isa = XCBuildConfiguration;
			buildSettings = {
				ASSETCATALOG_COMPILER_APPICON_NAME = AppIcon;
				ASSETCATALOG_COMPILER_GLOBAL_ACCENT_COLOR_NAME = AccentColor;
				CODE_SIGN_STYLE = Manual;
				CURRENT_PROJECT_VERSION = 1;
				DEVELOPMENT_TEAM = "";
				GENERATE_INFOPLIST_FILE = YES;
				INFOPLIST_FILE = RefactorTest/Info.plist;
				INFOPLIST_KEY_UIApplicationSupportsIndirectInputEvents = YES;
				INFOPLIST_KEY_UILaunchStoryboardName = LaunchScreen;
				INFOPLIST_KEY_UIMainStoryboardFile = Main;
				INFOPLIST_KEY_UISupportedInterfaceOrientations_iPad = "UIInterfaceOrientationPortrait UIInterfaceOrientationPortraitUpsideDown UIInterfaceOrientationLandscapeLeft UIInterfaceOrientationLandscapeRight";
				INFOPLIST_KEY_UISupportedInterfaceOrientations_iPhone = "UIInterfaceOrientationPortrait UIInterfaceOrientationLandscapeLeft UIInterfaceOrientationLandscapeRight";
				IPHONEOS_DEPLOYMENT_TARGET = 15.6;
				LD_RUNPATH_SEARCH_PATHS = (
					"$(inherited)",
					"@executable_path/Frameworks",
				);
				MARKETING_VERSION = 1.0;
				PRODUCT_BUNDLE_IDENTIFIER = com.what3words.RefactorTest;
				PRODUCT_NAME = "$(TARGET_NAME)";
				PROVISIONING_PROFILE_SPECIFIER = "";
				SWIFT_EMIT_LOC_STRINGS = YES;
				SWIFT_VERSION = 5.0;
				TARGETED_DEVICE_FAMILY = "1,2";
			};
			name = Release;
		};
		01823E3C2DBFFCCA0052717B /* Debug */ = {
			isa = XCBuildConfiguration;
			buildSettings = {
				ALWAYS_SEARCH_USER_PATHS = NO;
				ASSETCATALOG_COMPILER_GENERATE_SWIFT_ASSET_SYMBOL_EXTENSIONS = YES;
				CLANG_ANALYZER_NONNULL = YES;
				CLANG_ANALYZER_NUMBER_OBJECT_CONVERSION = YES_AGGRESSIVE;
				CLANG_CXX_LANGUAGE_STANDARD = "gnu++20";
				CLANG_ENABLE_MODULES = YES;
				CLANG_ENABLE_OBJC_ARC = YES;
				CLANG_ENABLE_OBJC_WEAK = YES;
				CLANG_WARN_BLOCK_CAPTURE_AUTORELEASING = YES;
				CLANG_WARN_BOOL_CONVERSION = YES;
				CLANG_WARN_COMMA = YES;
				CLANG_WARN_CONSTANT_CONVERSION = YES;
				CLANG_WARN_DEPRECATED_OBJC_IMPLEMENTATIONS = YES;
				CLANG_WARN_DIRECT_OBJC_ISA_USAGE = YES_ERROR;
				CLANG_WARN_DOCUMENTATION_COMMENTS = YES;
				CLANG_WARN_EMPTY_BODY = YES;
				CLANG_WARN_ENUM_CONVERSION = YES;
				CLANG_WARN_INFINITE_RECURSION = YES;
				CLANG_WARN_INT_CONVERSION = YES;
				CLANG_WARN_NON_LITERAL_NULL_CONVERSION = YES;
				CLANG_WARN_OBJC_IMPLICIT_RETAIN_SELF = YES;
				CLANG_WARN_OBJC_LITERAL_CONVERSION = YES;
				CLANG_WARN_OBJC_ROOT_CLASS = YES_ERROR;
				CLANG_WARN_QUOTED_INCLUDE_IN_FRAMEWORK_HEADER = YES;
				CLANG_WARN_RANGE_LOOP_ANALYSIS = YES;
				CLANG_WARN_STRICT_PROTOTYPES = YES;
				CLANG_WARN_SUSPICIOUS_MOVE = YES;
				CLANG_WARN_UNGUARDED_AVAILABILITY = YES_AGGRESSIVE;
				CLANG_WARN_UNREACHABLE_CODE = YES;
				CLANG_WARN__DUPLICATE_METHOD_MATCH = YES;
				COPY_PHASE_STRIP = NO;
				DEBUG_INFORMATION_FORMAT = dwarf;
				ENABLE_STRICT_OBJC_MSGSEND = YES;
				ENABLE_TESTABILITY = YES;
				ENABLE_USER_SCRIPT_SANDBOXING = YES;
				GCC_C_LANGUAGE_STANDARD = gnu17;
				GCC_DYNAMIC_NO_PIC = NO;
				GCC_NO_COMMON_BLOCKS = YES;
				GCC_OPTIMIZATION_LEVEL = 0;
				GCC_PREPROCESSOR_DEFINITIONS = (
					"DEBUG=1",
					"$(inherited)",
				);
				GCC_WARN_64_TO_32_BIT_CONVERSION = YES;
				GCC_WARN_ABOUT_RETURN_TYPE = YES_ERROR;
				GCC_WARN_UNDECLARED_SELECTOR = YES;
				GCC_WARN_UNINITIALIZED_AUTOS = YES_AGGRESSIVE;
				GCC_WARN_UNUSED_FUNCTION = YES;
				GCC_WARN_UNUSED_VARIABLE = YES;
				IPHONEOS_DEPLOYMENT_TARGET = 18.2;
				LOCALIZATION_PREFERS_STRING_CATALOGS = YES;
				MTL_ENABLE_DEBUG_INFO = INCLUDE_SOURCE;
				MTL_FAST_MATH = YES;
				ONLY_ACTIVE_ARCH = YES;
				SDKROOT = iphoneos;
				SWIFT_ACTIVE_COMPILATION_CONDITIONS = "DEBUG $(inherited)";
				SWIFT_OPTIMIZATION_LEVEL = "-Onone";
			};
			name = Debug;
		};
		01823E3D2DBFFCCA0052717B /* Release */ = {
			isa = XCBuildConfiguration;
			buildSettings = {
				ALWAYS_SEARCH_USER_PATHS = NO;
				ASSETCATALOG_COMPILER_GENERATE_SWIFT_ASSET_SYMBOL_EXTENSIONS = YES;
				CLANG_ANALYZER_NONNULL = YES;
				CLANG_ANALYZER_NUMBER_OBJECT_CONVERSION = YES_AGGRESSIVE;
				CLANG_CXX_LANGUAGE_STANDARD = "gnu++20";
				CLANG_ENABLE_MODULES = YES;
				CLANG_ENABLE_OBJC_ARC = YES;
				CLANG_ENABLE_OBJC_WEAK = YES;
				CLANG_WARN_BLOCK_CAPTURE_AUTORELEASING = YES;
				CLANG_WARN_BOOL_CONVERSION = YES;
				CLANG_WARN_COMMA = YES;
				CLANG_WARN_CONSTANT_CONVERSION = YES;
				CLANG_WARN_DEPRECATED_OBJC_IMPLEMENTATIONS = YES;
				CLANG_WARN_DIRECT_OBJC_ISA_USAGE = YES_ERROR;
				CLANG_WARN_DOCUMENTATION_COMMENTS = YES;
				CLANG_WARN_EMPTY_BODY = YES;
				CLANG_WARN_ENUM_CONVERSION = YES;
				CLANG_WARN_INFINITE_RECURSION = YES;
				CLANG_WARN_INT_CONVERSION = YES;
				CLANG_WARN_NON_LITERAL_NULL_CONVERSION = YES;
				CLANG_WARN_OBJC_IMPLICIT_RETAIN_SELF = YES;
				CLANG_WARN_OBJC_LITERAL_CONVERSION = YES;
				CLANG_WARN_OBJC_ROOT_CLASS = YES_ERROR;
				CLANG_WARN_QUOTED_INCLUDE_IN_FRAMEWORK_HEADER = YES;
				CLANG_WARN_RANGE_LOOP_ANALYSIS = YES;
				CLANG_WARN_STRICT_PROTOTYPES = YES;
				CLANG_WARN_SUSPICIOUS_MOVE = YES;
				CLANG_WARN_UNGUARDED_AVAILABILITY = YES_AGGRESSIVE;
				CLANG_WARN_UNREACHABLE_CODE = YES;
				CLANG_WARN__DUPLICATE_METHOD_MATCH = YES;
				COPY_PHASE_STRIP = NO;
				DEBUG_INFORMATION_FORMAT = "dwarf-with-dsym";
				ENABLE_NS_ASSERTIONS = NO;
				ENABLE_STRICT_OBJC_MSGSEND = YES;
				ENABLE_USER_SCRIPT_SANDBOXING = YES;
				GCC_C_LANGUAGE_STANDARD = gnu17;
				GCC_NO_COMMON_BLOCKS = YES;
				GCC_WARN_64_TO_32_BIT_CONVERSION = YES;
				GCC_WARN_ABOUT_RETURN_TYPE = YES_ERROR;
				GCC_WARN_UNDECLARED_SELECTOR = YES;
				GCC_WARN_UNINITIALIZED_AUTOS = YES_AGGRESSIVE;
				GCC_WARN_UNUSED_FUNCTION = YES;
				GCC_WARN_UNUSED_VARIABLE = YES;
				IPHONEOS_DEPLOYMENT_TARGET = 18.2;
				LOCALIZATION_PREFERS_STRING_CATALOGS = YES;
				MTL_ENABLE_DEBUG_INFO = NO;
				MTL_FAST_MATH = YES;
				SDKROOT = iphoneos;
				SWIFT_COMPILATION_MODE = wholemodule;
				VALIDATE_PRODUCT = YES;
			};
			name = Release;
		};
		01823E3F2DBFFCCA0052717B /* Debug */ = {
			isa = XCBuildConfiguration;
			buildSettings = {
				BUNDLE_LOADER = "$(TEST_HOST)";
				CODE_SIGN_STYLE = Automatic;
				CURRENT_PROJECT_VERSION = 1;
				DEVELOPMENT_TEAM = YC9564MTQY;
				GENERATE_INFOPLIST_FILE = YES;
				IPHONEOS_DEPLOYMENT_TARGET = 18.2;
				MARKETING_VERSION = 1.0;
				PRODUCT_BUNDLE_IDENTIFIER = com.what3words.RefactorTestTests;
				PRODUCT_NAME = "$(TARGET_NAME)";
				SWIFT_EMIT_LOC_STRINGS = NO;
				SWIFT_VERSION = 5.0;
				TARGETED_DEVICE_FAMILY = "1,2";
				TEST_HOST = "$(BUILT_PRODUCTS_DIR)/RefactorTest.app/$(BUNDLE_EXECUTABLE_FOLDER_PATH)/RefactorTest";
			};
			name = Debug;
		};
		01823E402DBFFCCA0052717B /* Release */ = {
			isa = XCBuildConfiguration;
			buildSettings = {
				BUNDLE_LOADER = "$(TEST_HOST)";
				CODE_SIGN_STYLE = Automatic;
				CURRENT_PROJECT_VERSION = 1;
				DEVELOPMENT_TEAM = YC9564MTQY;
				GENERATE_INFOPLIST_FILE = YES;
				IPHONEOS_DEPLOYMENT_TARGET = 18.2;
				MARKETING_VERSION = 1.0;
				PRODUCT_BUNDLE_IDENTIFIER = com.what3words.RefactorTestTests;
				PRODUCT_NAME = "$(TARGET_NAME)";
				SWIFT_EMIT_LOC_STRINGS = NO;
				SWIFT_VERSION = 5.0;
				TARGETED_DEVICE_FAMILY = "1,2";
				TEST_HOST = "$(BUILT_PRODUCTS_DIR)/RefactorTest.app/$(BUNDLE_EXECUTABLE_FOLDER_PATH)/RefactorTest";
			};
			name = Release;
		};
		01823E422DBFFCCA0052717B /* Debug */ = {
			isa = XCBuildConfiguration;
			buildSettings = {
				CODE_SIGN_STYLE = Automatic;
				CURRENT_PROJECT_VERSION = 1;
				DEVELOPMENT_TEAM = YC9564MTQY;
				GENERATE_INFOPLIST_FILE = YES;
				MARKETING_VERSION = 1.0;
				PRODUCT_BUNDLE_IDENTIFIER = com.what3words.RefactorTestUITests;
				PRODUCT_NAME = "$(TARGET_NAME)";
				SWIFT_EMIT_LOC_STRINGS = NO;
				SWIFT_VERSION = 5.0;
				TARGETED_DEVICE_FAMILY = "1,2";
				TEST_TARGET_NAME = RefactorTest;
			};
			name = Debug;
		};
		01823E432DBFFCCA0052717B /* Release */ = {
			isa = XCBuildConfiguration;
			buildSettings = {
				CODE_SIGN_STYLE = Automatic;
				CURRENT_PROJECT_VERSION = 1;
				DEVELOPMENT_TEAM = YC9564MTQY;
				GENERATE_INFOPLIST_FILE = YES;
				MARKETING_VERSION = 1.0;
				PRODUCT_BUNDLE_IDENTIFIER = com.what3words.RefactorTestUITests;
				PRODUCT_NAME = "$(TARGET_NAME)";
				SWIFT_EMIT_LOC_STRINGS = NO;
				SWIFT_VERSION = 5.0;
				TARGETED_DEVICE_FAMILY = "1,2";
				TEST_TARGET_NAME = RefactorTest;
			};
			name = Release;
		};
/* End XCBuildConfiguration section */

/* Begin XCConfigurationList section */
		01823E0B2DBFFCC90052717B /* Build configuration list for PBXProject "RefactorTest" */ = {
			isa = XCConfigurationList;
			buildConfigurations = (
				01823E3C2DBFFCCA0052717B /* Debug */,
				01823E3D2DBFFCCA0052717B /* Release */,
			);
			defaultConfigurationIsVisible = 0;
			defaultConfigurationName = Release;
		};
		01823E392DBFFCCA0052717B /* Build configuration list for PBXNativeTarget "RefactorTest" */ = {
			isa = XCConfigurationList;
			buildConfigurations = (
				01823E3A2DBFFCCA0052717B /* Debug */,
				01823E3B2DBFFCCA0052717B /* Release */,
			);
			defaultConfigurationIsVisible = 0;
			defaultConfigurationName = Release;
		};
		01823E3E2DBFFCCA0052717B /* Build configuration list for PBXNativeTarget "RefactorTestTests" */ = {
			isa = XCConfigurationList;
			buildConfigurations = (
				01823E3F2DBFFCCA0052717B /* Debug */,
				01823E402DBFFCCA0052717B /* Release */,
			);
			defaultConfigurationIsVisible = 0;
			defaultConfigurationName = Release;
		};
		01823E412DBFFCCA0052717B /* Build configuration list for PBXNativeTarget "RefactorTestUITests" */ = {
			isa = XCConfigurationList;
			buildConfigurations = (
				01823E422DBFFCCA0052717B /* Debug */,
				01823E432DBFFCCA0052717B /* Release */,
			);
			defaultConfigurationIsVisible = 0;
			defaultConfigurationName = Release;
		};
/* End XCConfigurationList section */

/* Begin XCRemoteSwiftPackageReference section */
		019490F92DC00672003793F1 /* XCRemoteSwiftPackageReference "w3w-swift-wrapper" */ = {
			isa = XCRemoteSwiftPackageReference;
			repositoryURL = "git@github.com:what3words/w3w-swift-wrapper.git";
			requirement = {
				kind = versionRange;
				maximumVersion = 5.0.0;
				minimumVersion = 4.0.0;
			};
		};
/* End XCRemoteSwiftPackageReference section */

/* Begin XCSwiftPackageProductDependency section */
		019490FA2DC00672003793F1 /* W3WSwiftApi */ = {
			isa = XCSwiftPackageProductDependency;
			package = 019490F92DC00672003793F1 /* XCRemoteSwiftPackageReference "w3w-swift-wrapper" */;
			productName = W3WSwiftApi;
		};
/* End XCSwiftPackageProductDependency section */
	};
	rootObject = 01823E082DBFFCC90052717B /* Project object */;
}
